
Microsoft Visual Studio Solution File, Format Version 12.00
# Visual Studio Version 17
VisualStudioVersion = 17.4.33205.214
MinimumVisualStudioVersion = 10.0.40219.1
Project("{FAE04EC0-301F-11D3-BF4B-00C04F79EFBC}") = "TENDER POS System", "TENDER POS System\TENDER POS System.csproj", "{3E7D9532-B351-448F-9915-0F17F06FB8F1}"
EndProject
Global
	GlobalSection(SolutionConfigurationPlatforms) = preSolution
		Debug|Any CPU = Debug|Any CPU
		Release|Any CPU = Release|Any CPU
	EndGlobalSection
	GlobalSection(ProjectConfigurationPlatforms) = postSolution
		{3E7D9532-B351-448F-9915-0F17F06FB8F1}.Debug|Any CPU.ActiveCfg = Debug|Any CPU
		{3E7D9532-B351-448F-9915-0F17F06FB8F1}.Debug|Any CPU.Build.0 = Debug|Any CPU
		{3E7D9532-B351-448F-9915-0F17F06FB8F1}.Release|Any CPU.ActiveCfg = Release|Any CPU
		{3E7D9532-B351-448F-9915-0F17F06FB8F1}.Release|Any CPU.Build.0 = Release|Any CPU
	EndGlobalSection
	GlobalSection(SolutionProperties) = preSolution
		HideSolutionNode = FALSE
	EndGlobalSection
	GlobalSection(ExtensibilityGlobals) = postSolution
		SolutionGuid = {AE41AAE4-849E-44F1-85C5-771A5C0FA310}
	EndGlobalSection
EndGlobal
